// !$*UTF8*$!
{
	archiveVersion = 1;
	classes = {
	};
	objectVersion = 55;
	objects = {

/* Begin PBXBuildFile section */
		546B57C8281BF7C200F955F0 /* AppDelegate.swift in Sources */ = {isa = PBXBuildFile; fileRef = 546B57C7281BF7C200F955F0 /* AppDelegate.swift */; };
		546B57CC281BF7C200F955F0 /* FeedViewController.swift in Sources */ = {isa = PBXBuildFile; fileRef = 546B57CB281BF7C200F955F0 /* FeedViewController.swift */; };
		546B57D1281BF7C700F955F0 /* Assets.xcassets in Resources */ = {isa = PBXBuildFile; fileRef = 546B57D0281BF7C700F955F0 /* Assets.xcassets */; };
		546B57D4281BF7C700F955F0 /* LaunchScreen.storyboard in Resources */ = {isa = PBXBuildFile; fileRef = 546B57D2281BF7C700F955F0 /* LaunchScreen.storyboard */; };
		546B57DC281BFB6D00F955F0 /* FeedView.swift in Sources */ = {isa = PBXBuildFile; fileRef = 546B57DB281BFB6D00F955F0 /* FeedView.swift */; };
		546B57DE281C01FA00F955F0 /* FeedCollectionViewCell.swift in Sources */ = {isa = PBXBuildFile; fileRef = 546B57DD281C01FA00F955F0 /* FeedCollectionViewCell.swift */; };
		54D713C0281C0B1F0017DBCA /* NetworkService.swift in Sources */ = {isa = PBXBuildFile; fileRef = 54D713BF281C0B1F0017DBCA /* NetworkService.swift */; };
		54D713C2281C0B6C0017DBCA /* Photo.swift in Sources */ = {isa = PBXBuildFile; fileRef = 54D713C1281C0B6C0017DBCA /* Photo.swift */; };
		54D713C8281C41AE0017DBCA /* CacheService.swift in Sources */ = {isa = PBXBuildFile; fileRef = 54D713C7281C41AD0017DBCA /* CacheService.swift */; };
/* End PBXBuildFile section */

/* Begin PBXFileReference section */
		546B57C4281BF7C200F955F0 /* CollectionViewTest.app */ = {isa = PBXFileReference; explicitFileType = wrapper.application; includeInIndex = 0; path = CollectionViewTest.app; sourceTree = BUILT_PRODUCTS_DIR; };
		546B57C7281BF7C200F955F0 /* AppDelegate.swift */ = {isa = PBXFileReference; lastKnownFileType = sourcecode.swift; path = AppDelegate.swift; sourceTree = "<group>"; };
		546B57CB281BF7C200F955F0 /* FeedViewController.swift */ = {isa = PBXFileReference; lastKnownFileType = sourcecode.swift; path = FeedViewController.swift; sourceTree = "<group>"; };
		546B57D0281BF7C700F955F0 /* Assets.xcassets */ = {isa = PBXFileReference; lastKnownFileType = folder.assetcatalog; path = Assets.xcassets; sourceTree = "<group>"; };
		546B57D3281BF7C700F955F0 /* Base */ = {isa = PBXFileReference; lastKnownFileType = file.storyboard; name = Base; path = Base.lproj/LaunchScreen.storyboard; sourceTree = "<group>"; };
		546B57D5281BF7C700F955F0 /* Info.plist */ = {isa = PBXFileReference; lastKnownFileType = text.plist.xml; path = Info.plist; sourceTree = "<group>"; };
		546B57DB281BFB6D00F955F0 /* FeedView.swift */ = {isa = PBXFileReference; lastKnownFileType = sourcecode.swift; path = FeedView.swift; sourceTree = "<group>"; };
		546B57DD281C01FA00F955F0 /* FeedCollectionViewCell.swift */ = {isa = PBXFileReference; lastKnownFileType = sourcecode.swift; path = FeedCollectionViewCell.swift; sourceTree = "<group>"; };
		54D713BF281C0B1F0017DBCA /* NetworkService.swift */ = {isa = PBXFileReference; lastKnownFileType = sourcecode.swift; path = NetworkService.swift; sourceTree = "<group>"; };
		54D713C1281C0B6C0017DBCA /* Photo.swift */ = {isa = PBXFileReference; lastKnownFileType = sourcecode.swift; path = Photo.swift; sourceTree = "<group>"; };
		54D713C7281C41AD0017DBCA /* CacheService.swift */ = {isa = PBXFileReference; lastKnownFileType = sourcecode.swift; path = CacheService.swift; sourceTree = "<group>"; };
/* End PBXFileReference section */

/* Begin PBXFrameworksBuildPhase section */
		546B57C1281BF7C200F955F0 /* Frameworks */ = {
			isa = PBXFrameworksBuildPhase;
			buildActionMask = 2147483647;
			files = (
			);
			runOnlyForDeploymentPostprocessing = 0;
		};
/* End PBXFrameworksBuildPhase section */

/* Begin PBXGroup section */
		546B57BB281BF7C200F955F0 = {
			isa = PBXGroup;
			children = (
				546B57C6281BF7C200F955F0 /* CollectionViewTest */,
				546B57C5281BF7C200F955F0 /* Products */,
			);
			sourceTree = "<group>";
		};
		546B57C5281BF7C200F955F0 /* Products */ = {
			isa = PBXGroup;
			children = (
				546B57C4281BF7C200F955F0 /* CollectionViewTest.app */,
			);
			name = Products;
			sourceTree = "<group>";
		};
		546B57C6281BF7C200F955F0 /* CollectionViewTest */ = {
			isa = PBXGroup;
			children = (
				546B57C7281BF7C200F955F0 /* AppDelegate.swift */,
				54D713C3281C0C960017DBCA /* Feed */,
				54D713C4281C0C9E0017DBCA /* Services */,
				54D713C5281C0CA30017DBCA /* Models */,
				546B57D0281BF7C700F955F0 /* Assets.xcassets */,
				546B57D2281BF7C700F955F0 /* LaunchScreen.storyboard */,
				546B57D5281BF7C700F955F0 /* Info.plist */,
			);
			path = CollectionViewTest;
			sourceTree = "<group>";
		};
		54D713C3281C0C960017DBCA /* Feed */ = {
			isa = PBXGroup;
			children = (
				546B57CB281BF7C200F955F0 /* FeedViewController.swift */,
				546B57DB281BFB6D00F955F0 /* FeedView.swift */,
				54D713C6281C0CAA0017DBCA /* Cell */,
			);
			path = Feed;
			sourceTree = "<group>";
		};
		54D713C4281C0C9E0017DBCA /* Services */ = {
			isa = PBXGroup;
			children = (
				54D713BF281C0B1F0017DBCA /* NetworkService.swift */,
				54D713C7281C41AD0017DBCA /* CacheService.swift */,
			);
			path = Services;
			sourceTree = "<group>";
		};
		54D713C5281C0CA30017DBCA /* Models */ = {
			isa = PBXGroup;
			children = (
				54D713C1281C0B6C0017DBCA /* Photo.swift */,
			);
			path = Models;
			sourceTree = "<group>";
		};
		54D713C6281C0CAA0017DBCA /* Cell */ = {
			isa = PBXGroup;
			children = (
				546B57DD281C01FA00F955F0 /* FeedCollectionViewCell.swift */,
			);
			path = Cell;
			sourceTree = "<group>";
		};
/* End PBXGroup section */

/* Begin PBXNativeTarget section */
		546B57C3281BF7C200F955F0 /* CollectionViewTest */ = {
			isa = PBXNativeTarget;
			buildConfigurationList = 546B57D8281BF7C700F955F0 /* Build configuration list for PBXNativeTarget "CollectionViewTest" */;
			buildPhases = (
				546B57C0281BF7C200F955F0 /* Sources */,
				546B57C1281BF7C200F955F0 /* Frameworks */,
				546B57C2281BF7C200F955F0 /* Resources */,
			);
			buildRules = (
			);
			dependencies = (
			);
			name = CollectionViewTest;
			productName = CollectionViewTest;
			productReference = 546B57C4281BF7C200F955F0 /* CollectionViewTest.app */;
			productType = "com.apple.product-type.application";
		};
/* End PBXNativeTarget section */

/* Begin PBXProject section */
		546B57BC281BF7C200F955F0 /* Project object */ = {
			isa = PBXProject;
			attributes = {
				BuildIndependentTargetsInParallel = 1;
				LastSwiftUpdateCheck = 1330;
				LastUpgradeCheck = 1330;
				TargetAttributes = {
					546B57C3281BF7C200F955F0 = {
						CreatedOnToolsVersion = 13.3.1;
					};
				};
			};
			buildConfigurationList = 546B57BF281BF7C200F955F0 /* Build configuration list for PBXProject "CollectionViewTest" */;
			compatibilityVersion = "Xcode 13.0";
			developmentRegion = en;
			hasScannedForEncodings = 0;
			knownRegions = (
				en,
				Base,
			);
			mainGroup = 546B57BB281BF7C200F955F0;
			productRefGroup = 546B57C5281BF7C200F955F0 /* Products */;
			projectDirPath = "";
			projectRoot = "";
			targets = (
				546B57C3281BF7C200F955F0 /* CollectionViewTest */,
			);
		};
/* End PBXProject section */

/* Begin PBXResourcesBuildPhase section */
		546B57C2281BF7C200F955F0 /* Resources */ = {
			isa = PBXResourcesBuildPhase;
			buildActionMask = 2147483647;
			files = (
				546B57D4281BF7C700F955F0 /* LaunchScreen.storyboard in Resources */,
				546B57D1281BF7C700F955F0 /* Assets.xcassets in Resources */,
			);
			runOnlyForDeploymentPostprocessing = 0;
		};
/* End PBXResourcesBuildPhase section */

/* Begin PBXSourcesBuildPhase section */
		546B57C0281BF7C200F955F0 /* Sources */ = {
			isa = PBXSourcesBuildPhase;
			buildActionMask = 2147483647;
			files = (
				54D713C2281C0B6C0017DBCA /* Photo.swift in Sources */,
				54D713C0281C0B1F0017DBCA /* NetworkService.swift in Sources */,
				546B57CC281BF7C200F955F0 /* FeedViewController.swift in Sources */,
				546B57DC281BFB6D00F955F0 /* FeedView.swift in Sources */,
				546B57DE281C01FA00F955F0 /* FeedCollectionViewCell.swift in Sources */,
				54D713C8281C41AE0017DBCA /* CacheService.swift in Sources */,
				546B57C8281BF7C200F955F0 /* AppDelegate.swift in Sources */,
			);
			runOnlyForDeploymentPostprocessing = 0;
		};
/* End PBXSourcesBuildPhase section */

/* Begin PBXVariantGroup section */
		546B57D2281BF7C700F955F0 /* LaunchScreen.storyboard */ = {
			isa = PBXVariantGroup;
			children = (
				546B57D3281BF7C700F955F0 /* Base */,
			);
			name = LaunchScreen.storyboard;
			sourceTree = "<group>";
		};
/* End PBXVariantGroup section */

/* Begin XCBuildConfiguration section */
		546B57D6281BF7C700F955F0 /* Debug */ = {
			isa = XCBuildConfiguration;
			buildSettings = {
				ALWAYS_SEARCH_USER_PATHS = NO;
				CLANG_ANALYZER_NONNULL = YES;
				CLANG_ANALYZER_NUMBER_OBJECT_CONVERSION = YES_AGGRESSIVE;
				CLANG_CXX_LANGUAGE_STANDARD = "gnu++17";
				CLANG_ENABLE_MODULES = YES;
				CLANG_ENABLE_OBJC_ARC = YES;
				CLANG_ENABLE_OBJC_WEAK = YES;
				CLANG_WARN_BLOCK_CAPTURE_AUTORELEASING = YES;
				CLANG_WARN_BOOL_CONVERSION = YES;
				CLANG_WARN_COMMA = YES;
				CLANG_WARN_CONSTANT_CONVERSION = YES;
				CLANG_WARN_DEPRECATED_OBJC_IMPLEMENTATIONS = YES;
				CLANG_WARN_DIRECT_OBJC_ISA_USAGE = YES_ERROR;
				CLANG_WARN_DOCUMENTATION_COMMENTS = YES;
				CLANG_WARN_EMPTY_BODY = YES;
				CLANG_WARN_ENUM_CONVERSION = YES;
				CLANG_WARN_INFINITE_RECURSION = YES;
				CLANG_WARN_INT_CONVERSION = YES;
				CLANG_WARN_NON_LITERAL_NULL_CONVERSION = YES;
				CLANG_WARN_OBJC_IMPLICIT_RETAIN_SELF = YES;
				CLANG_WARN_OBJC_LITERAL_CONVERSION = YES;
				CLANG_WARN_OBJC_ROOT_CLASS = YES_ERROR;
				CLANG_WARN_QUOTED_INCLUDE_IN_FRAMEWORK_HEADER = YES;
				CLANG_WARN_RANGE_LOOP_ANALYSIS = YES;
				CLANG_WARN_STRICT_PROTOTYPES = YES;
				CLANG_WARN_SUSPICIOUS_MOVE = YES;
				CLANG_WARN_UNGUARDED_AVAILABILITY = YES_AGGRESSIVE;
				CLANG_WARN_UNREACHABLE_CODE = YES;
				CLANG_WARN__DUPLICATE_METHOD_MATCH = YES;
				COPY_PHASE_STRIP = NO;
				DEBUG_INFORMATION_FORMAT = dwarf;
				ENABLE_STRICT_OBJC_MSGSEND = YES;
				ENABLE_TESTABILITY = YES;
				GCC_C_LANGUAGE_STANDARD = gnu11;
				GCC_DYNAMIC_NO_PIC = NO;
				GCC_NO_COMMON_BLOCKS = YES;
				GCC_OPTIMIZATION_LEVEL = 0;
				GCC_PREPROCESSOR_DEFINITIONS = (
					"DEBUG=1",
					"$(inherited)",
				);
				GCC_WARN_64_TO_32_BIT_CONVERSION = YES;
				GCC_WARN_ABOUT_RETURN_TYPE = YES_ERROR;
				GCC_WARN_UNDECLARED_SELECTOR = YES;
				GCC_WARN_UNINITIALIZED_AUTOS = YES_AGGRESSIVE;
				GCC_WARN_UNUSED_FUNCTION = YES;
				GCC_WARN_UNUSED_VARIABLE = YES;
				IPHONEOS_DEPLOYMENT_TARGET = 15.4;
				MTL_ENABLE_DEBUG_INFO = INCLUDE_SOURCE;
				MTL_FAST_MATH = YES;
				ONLY_ACTIVE_ARCH = YES;
				SDKROOT = iphoneos;
				SWIFT_ACTIVE_COMPILATION_CONDITIONS = DEBUG;
				SWIFT_OPTIMIZATION_LEVEL = "-Onone";
			};
			name = Debug;
		};
		546B57D7281BF7C700F955F0 /* Release */ = {
			isa = XCBuildConfiguration;
			buildSettings = {
				ALWAYS_SEARCH_USER_PATHS = NO;
				CLANG_ANALYZER_NONNULL = YES;
				CLANG_ANALYZER_NUMBER_OBJECT_CONVERSION = YES_AGGRESSIVE;
				CLANG_CXX_LANGUAGE_STANDARD = "gnu++17";
				CLANG_ENABLE_MODULES = YES;
				CLANG_ENABLE_OBJC_ARC = YES;
				CLANG_ENABLE_OBJC_WEAK = YES;
				CLANG_WARN_BLOCK_CAPTURE_AUTORELEASING = YES;
				CLANG_WARN_BOOL_CONVERSION = YES;
				CLANG_WARN_COMMA = YES;
				CLANG_WARN_CONSTANT_CONVERSION = YES;
				CLANG_WARN_DEPRECATED_OBJC_IMPLEMENTATIONS = YES;
				CLANG_WARN_DIRECT_OBJC_ISA_USAGE = YES_ERROR;
				CLANG_WARN_DOCUMENTATION_COMMENTS = YES;
				CLANG_WARN_EMPTY_BODY = YES;
				CLANG_WARN_ENUM_CONVERSION = YES;
				CLANG_WARN_INFINITE_RECURSION = YES;
				CLANG_WARN_INT_CONVERSION = YES;
				CLANG_WARN_NON_LITERAL_NULL_CONVERSION = YES;
				CLANG_WARN_OBJC_IMPLICIT_RETAIN_SELF = YES;
				CLANG_WARN_OBJC_LITERAL_CONVERSION = YES;
				CLANG_WARN_OBJC_ROOT_CLASS = YES_ERROR;
				CLANG_WARN_QUOTED_INCLUDE_IN_FRAMEWORK_HEADER = YES;
				CLANG_WARN_RANGE_LOOP_ANALYSIS = YES;
				CLANG_WARN_STRICT_PROTOTYPES = YES;
				CLANG_WARN_SUSPICIOUS_MOVE = YES;
				CLANG_WARN_UNGUARDED_AVAILABILITY = YES_AGGRESSIVE;
				CLANG_WARN_UNREACHABLE_CODE = YES;
				CLANG_WARN__DUPLICATE_METHOD_MATCH = YES;
				COPY_PHASE_STRIP = NO;
				DEBUG_INFORMATION_FORMAT = "dwarf-with-dsym";
				ENABLE_NS_ASSERTIONS = NO;
				ENABLE_STRICT_OBJC_MSGSEND = YES;
				GCC_C_LANGUAGE_STANDARD = gnu11;
				GCC_NO_COMMON_BLOCKS = YES;
				GCC_WARN_64_TO_32_BIT_CONVERSION = YES;
				GCC_WARN_ABOUT_RETURN_TYPE = YES_ERROR;
				GCC_WARN_UNDECLARED_SELECTOR = YES;
				GCC_WARN_UNINITIALIZED_AUTOS = YES_AGGRESSIVE;
				GCC_WARN_UNUSED_FUNCTION = YES;
				GCC_WARN_UNUSED_VARIABLE = YES;
				IPHONEOS_DEPLOYMENT_TARGET = 15.4;
				MTL_ENABLE_DEBUG_INFO = NO;
				MTL_FAST_MATH = YES;
				SDKROOT = iphoneos;
				SWIFT_COMPILATION_MODE = wholemodule;
				SWIFT_OPTIMIZATION_LEVEL = "-O";
				VALIDATE_PRODUCT = YES;
			};
			name = Release;
		};
		546B57D9281BF7C700F955F0 /* Debug */ = {
			isa = XCBuildConfiguration;
			buildSettings = {
				ASSETCATALOG_COMPILER_APPICON_NAME = AppIcon;
				ASSETCATALOG_COMPILER_GLOBAL_ACCENT_COLOR_NAME = AccentColor;
				CODE_SIGN_STYLE = Automatic;
				CURRENT_PROJECT_VERSION = 1;
				DEVELOPMENT_TEAM = R82428TV8S;
				GENERATE_INFOPLIST_FILE = YES;
				INFOPLIST_FILE = CollectionViewTest/Info.plist;
				INFOPLIST_KEY_UIApplicationSupportsIndirectInputEvents = YES;
				INFOPLIST_KEY_UILaunchStoryboardName = LaunchScreen;
				INFOPLIST_KEY_UISupportedInterfaceOrientations_iPad = "UIInterfaceOrientationPortrait UIInterfaceOrientationPortraitUpsideDown UIInterfaceOrientationLandscapeLeft UIInterfaceOrientationLandscapeRight";
				INFOPLIST_KEY_UISupportedInterfaceOrientations_iPhone = "UIInterfaceOrientationPortrait UIInterfaceOrientationLandscapeLeft UIInterfaceOrientationLandscapeRight";
				IPHONEOS_DEPLOYMENT_TARGET = 10.0;
				LD_RUNPATH_SEARCH_PATHS = (
					"$(inherited)",
					"@executable_path/Frameworks",
				);
				MARKETING_VERSION = 1.0;
				PRODUCT_BUNDLE_IDENTIFIER = com.CollectionViewTest;
				PRODUCT_NAME = "$(TARGET_NAME)";
				SWIFT_EMIT_LOC_STRINGS = YES;
				SWIFT_VERSION = 5.0;
				TARGETED_DEVICE_FAMILY = 1;
			};
			name = Debug;
		};
		546B57DA281BF7C700F955F0 /* Release */ = {
			isa = XCBuildConfiguration;
			buildSettings = {
				ASSETCATALOG_COMPILER_APPICON_NAME = AppIcon;
				ASSETCATALOG_COMPILER_GLOBAL_ACCENT_COLOR_NAME = AccentColor;
				CODE_SIGN_STYLE = Automatic;
				CURRENT_PROJECT_VERSION = 1;
				DEVELOPMENT_TEAM = R82428TV8S;
				GENERATE_INFOPLIST_FILE = YES;
				INFOPLIST_FILE = CollectionViewTest/Info.plist;
				INFOPLIST_KEY_UIApplicationSupportsIndirectInputEvents = YES;
				INFOPLIST_KEY_UILaunchStoryboardName = LaunchScreen;
				INFOPLIST_KEY_UISupportedInterfaceOrientations_iPad = "UIInterfaceOrientationPortrait UIInterfaceOrientationPortraitUpsideDown UIInterfaceOrientationLandscapeLeft UIInterfaceOrientationLandscapeRight";
				INFOPLIST_KEY_UISupportedInterfaceOrientations_iPhone = "UIInterfaceOrientationPortrait UIInterfaceOrientationLandscapeLeft UIInterfaceOrientationLandscapeRight";
				IPHONEOS_DEPLOYMENT_TARGET = 10.0;
				LD_RUNPATH_SEARCH_PATHS = (
					"$(inherited)",
					"@executable_path/Frameworks",
				);
				MARKETING_VERSION = 1.0;
				PRODUCT_BUNDLE_IDENTIFIER = com.CollectionViewTest;
				PRODUCT_NAME = "$(TARGET_NAME)";
				SWIFT_EMIT_LOC_STRINGS = YES;
				SWIFT_VERSION = 5.0;
				TARGETED_DEVICE_FAMILY = 1;
			};
			name = Release;
		};
/* End XCBuildConfiguration section */

/* Begin XCConfigurationList section */
		546B57BF281BF7C200F955F0 /* Build configuration list for PBXProject "CollectionViewTest" */ = {
			isa = XCConfigurationList;
			buildConfigurations = (
				546B57D6281BF7C700F955F0 /* Debug */,
				546B57D7281BF7C700F955F0 /* Release */,
			);
			defaultConfigurationIsVisible = 0;
			defaultConfigurationName = Release;
		};
		546B57D8281BF7C700F955F0 /* Build configuration list for PBXNativeTarget "CollectionViewTest" */ = {
			isa = XCConfigurationList;
			buildConfigurations = (
				546B57D9281BF7C700F955F0 /* Debug */,
				546B57DA281BF7C700F955F0 /* Release */,
			);
			defaultConfigurationIsVisible = 0;
			defaultConfigurationName = Release;
		};
/* End XCConfigurationList section */
	};
	rootObject = 546B57BC281BF7C200F955F0 /* Project object */;
}
